// !$*UTF8*$!
{
	archiveVersion = 1;
	classes = {
	};
	objectVersion = 56;
	objects = {

/* Begin PBXBuildFile section */
		E343FDAA2B839E4400AB1FA1 /* SwiftUIBasicApp.swift in Sources */ = {isa = PBXBuildFile; fileRef = E343FDA92B839E4400AB1FA1 /* SwiftUIBasicApp.swift */; };
		E343FDAC2B839E4400AB1FA1 /* ContentView.swift in Sources */ = {isa = PBXBuildFile; fileRef = E343FDAB2B839E4400AB1FA1 /* ContentView.swift */; };
		E343FDAE2B839E4500AB1FA1 /* Assets.xcassets in Resources */ = {isa = PBXBuildFile; fileRef = E343FDAD2B839E4500AB1FA1 /* Assets.xcassets */; };
		E343FDB12B839E4500AB1FA1 /* Preview Assets.xcassets in Resources */ = {isa = PBXBuildFile; fileRef = E343FDB02B839E4500AB1FA1 /* Preview Assets.xcassets */; };
		E343FDB82B839FBB00AB1FA1 /* TextBasic.swift in Sources */ = {isa = PBXBuildFile; fileRef = E343FDB72B839FBB00AB1FA1 /* TextBasic.swift */; };
		E343FDBA2B8788D100AB1FA1 /* ShapeBasic.swift in Sources */ = {isa = PBXBuildFile; fileRef = E343FDB92B8788D100AB1FA1 /* ShapeBasic.swift */; };
		E343FDBC2B878F6500AB1FA1 /* ColorBasic.swift in Sources */ = {isa = PBXBuildFile; fileRef = E343FDBB2B878F6500AB1FA1 /* ColorBasic.swift */; };
		E343FDE12BA732F700AB1FA1 /* GradientBasic.swift in Sources */ = {isa = PBXBuildFile; fileRef = E343FDE02BA732F700AB1FA1 /* GradientBasic.swift */; };
		E343FDE32BA734CE00AB1FA1 /* IconBasic.swift in Sources */ = {isa = PBXBuildFile; fileRef = E343FDE22BA734CE00AB1FA1 /* IconBasic.swift */; };
		E343FDE52BA7363900AB1FA1 /* ImageBasic.swift in Sources */ = {isa = PBXBuildFile; fileRef = E343FDE42BA7363900AB1FA1 /* ImageBasic.swift */; };
		E343FDE72BA7377000AB1FA1 /* FrameBasic.swift in Sources */ = {isa = PBXBuildFile; fileRef = E343FDE62BA7377000AB1FA1 /* FrameBasic.swift */; };
		E3C980CB2BA9D915009B9840 /* BackgroundOverlayBasic.swift in Sources */ = {isa = PBXBuildFile; fileRef = E3C980CA2BA9D915009B9840 /* BackgroundOverlayBasic.swift */; };
		E3C980CD2BAC8301009B9840 /* StackBasic.swift in Sources */ = {isa = PBXBuildFile; fileRef = E3C980CC2BAC8301009B9840 /* StackBasic.swift */; };
		E3C980CF2BADC63B009B9840 /* PaddingBasic.swift in Sources */ = {isa = PBXBuildFile; fileRef = E3C980CE2BADC63B009B9840 /* PaddingBasic.swift */; };
		E3C980D12BADC9B0009B9840 /* SpacerBasic.swift in Sources */ = {isa = PBXBuildFile; fileRef = E3C980D02BADC9B0009B9840 /* SpacerBasic.swift */; };
		E3C980D32BADCADA009B9840 /* ScrollViewBasic.swift in Sources */ = {isa = PBXBuildFile; fileRef = E3C980D22BADCADA009B9840 /* ScrollViewBasic.swift */; };
		E3C980D52BADCDBF009B9840 /* InitEnumBasic.swift in Sources */ = {isa = PBXBuildFile; fileRef = E3C980D42BADCDBF009B9840 /* InitEnumBasic.swift */; };
		E3C980D72BADCF54009B9840 /* ForEachLoopBasic.swift in Sources */ = {isa = PBXBuildFile; fileRef = E3C980D62BADCF54009B9840 /* ForEachLoopBasic.swift */; };
		E3C980D92BB07608009B9840 /* LazyGridBasic.swift in Sources */ = {isa = PBXBuildFile; fileRef = E3C980D82BB07608009B9840 /* LazyGridBasic.swift */; };
		E3C980DB2BB079EB009B9840 /* IgnoreSafeAreaBasic.swift in Sources */ = {isa = PBXBuildFile; fileRef = E3C980DA2BB079EB009B9840 /* IgnoreSafeAreaBasic.swift */; };
		E3C980DD2BB07AE6009B9840 /* ButtonBasic.swift in Sources */ = {isa = PBXBuildFile; fileRef = E3C980DC2BB07AE6009B9840 /* ButtonBasic.swift */; };
/* End PBXBuildFile section */

/* Begin PBXFileReference section */
		E343FDA62B839E4400AB1FA1 /* SwiftUIBasic.app */ = {isa = PBXFileReference; explicitFileType = wrapper.application; includeInIndex = 0; path = SwiftUIBasic.app; sourceTree = BUILT_PRODUCTS_DIR; };
		E343FDA92B839E4400AB1FA1 /* SwiftUIBasicApp.swift */ = {isa = PBXFileReference; lastKnownFileType = sourcecode.swift; path = SwiftUIBasicApp.swift; sourceTree = "<group>"; };
		E343FDAB2B839E4400AB1FA1 /* ContentView.swift */ = {isa = PBXFileReference; lastKnownFileType = sourcecode.swift; path = ContentView.swift; sourceTree = "<group>"; };
		E343FDAD2B839E4500AB1FA1 /* Assets.xcassets */ = {isa = PBXFileReference; lastKnownFileType = folder.assetcatalog; path = Assets.xcassets; sourceTree = "<group>"; };
		E343FDB02B839E4500AB1FA1 /* Preview Assets.xcassets */ = {isa = PBXFileReference; lastKnownFileType = folder.assetcatalog; path = "Preview Assets.xcassets"; sourceTree = "<group>"; };
		E343FDB72B839FBB00AB1FA1 /* TextBasic.swift */ = {isa = PBXFileReference; lastKnownFileType = sourcecode.swift; path = TextBasic.swift; sourceTree = "<group>"; };
		E343FDB92B8788D100AB1FA1 /* ShapeBasic.swift */ = {isa = PBXFileReference; lastKnownFileType = sourcecode.swift; path = ShapeBasic.swift; sourceTree = "<group>"; };
		E343FDBB2B878F6500AB1FA1 /* ColorBasic.swift */ = {isa = PBXFileReference; lastKnownFileType = sourcecode.swift; path = ColorBasic.swift; sourceTree = "<group>"; };
		E343FDE02BA732F700AB1FA1 /* GradientBasic.swift */ = {isa = PBXFileReference; lastKnownFileType = sourcecode.swift; path = GradientBasic.swift; sourceTree = "<group>"; };
		E343FDE22BA734CE00AB1FA1 /* IconBasic.swift */ = {isa = PBXFileReference; lastKnownFileType = sourcecode.swift; path = IconBasic.swift; sourceTree = "<group>"; };
		E343FDE42BA7363900AB1FA1 /* ImageBasic.swift */ = {isa = PBXFileReference; lastKnownFileType = sourcecode.swift; path = ImageBasic.swift; sourceTree = "<group>"; };
		E343FDE62BA7377000AB1FA1 /* FrameBasic.swift */ = {isa = PBXFileReference; lastKnownFileType = sourcecode.swift; path = FrameBasic.swift; sourceTree = "<group>"; };
		E3C980CA2BA9D915009B9840 /* BackgroundOverlayBasic.swift */ = {isa = PBXFileReference; lastKnownFileType = sourcecode.swift; path = BackgroundOverlayBasic.swift; sourceTree = "<group>"; };
		E3C980CC2BAC8301009B9840 /* StackBasic.swift */ = {isa = PBXFileReference; lastKnownFileType = sourcecode.swift; path = StackBasic.swift; sourceTree = "<group>"; };
		E3C980CE2BADC63B009B9840 /* PaddingBasic.swift */ = {isa = PBXFileReference; lastKnownFileType = sourcecode.swift; path = PaddingBasic.swift; sourceTree = "<group>"; };
		E3C980D02BADC9B0009B9840 /* SpacerBasic.swift */ = {isa = PBXFileReference; lastKnownFileType = sourcecode.swift; path = SpacerBasic.swift; sourceTree = "<group>"; };
		E3C980D22BADCADA009B9840 /* ScrollViewBasic.swift */ = {isa = PBXFileReference; lastKnownFileType = sourcecode.swift; path = ScrollViewBasic.swift; sourceTree = "<group>"; };
		E3C980D42BADCDBF009B9840 /* InitEnumBasic.swift */ = {isa = PBXFileReference; lastKnownFileType = sourcecode.swift; path = InitEnumBasic.swift; sourceTree = "<group>"; };
		E3C980D62BADCF54009B9840 /* ForEachLoopBasic.swift */ = {isa = PBXFileReference; lastKnownFileType = sourcecode.swift; path = ForEachLoopBasic.swift; sourceTree = "<group>"; };
		E3C980D82BB07608009B9840 /* LazyGridBasic.swift */ = {isa = PBXFileReference; lastKnownFileType = sourcecode.swift; path = LazyGridBasic.swift; sourceTree = "<group>"; };
		E3C980DA2BB079EB009B9840 /* IgnoreSafeAreaBasic.swift */ = {isa = PBXFileReference; lastKnownFileType = sourcecode.swift; path = IgnoreSafeAreaBasic.swift; sourceTree = "<group>"; };
		E3C980DC2BB07AE6009B9840 /* ButtonBasic.swift */ = {isa = PBXFileReference; lastKnownFileType = sourcecode.swift; path = ButtonBasic.swift; sourceTree = "<group>"; };
/* End PBXFileReference section */

/* Begin PBXFrameworksBuildPhase section */
		E343FDA32B839E4400AB1FA1 /* Frameworks */ = {
			isa = PBXFrameworksBuildPhase;
			buildActionMask = 2147483647;
			files = (
			);
			runOnlyForDeploymentPostprocessing = 0;
		};
/* End PBXFrameworksBuildPhase section */

/* Begin PBXGroup section */
		E343FD9D2B839E4400AB1FA1 = {
			isa = PBXGroup;
			children = (
				E343FDA82B839E4400AB1FA1 /* SwiftUIBasic */,
				E343FDA72B839E4400AB1FA1 /* Products */,
			);
			sourceTree = "<group>";
		};
		E343FDA72B839E4400AB1FA1 /* Products */ = {
			isa = PBXGroup;
			children = (
				E343FDA62B839E4400AB1FA1 /* SwiftUIBasic.app */,
			);
			name = Products;
			sourceTree = "<group>";
		};
		E343FDA82B839E4400AB1FA1 /* SwiftUIBasic */ = {
			isa = PBXGroup;
			children = (
				E343FDA92B839E4400AB1FA1 /* SwiftUIBasicApp.swift */,
				E343FDAB2B839E4400AB1FA1 /* ContentView.swift */,
				E343FDB72B839FBB00AB1FA1 /* TextBasic.swift */,
				E343FDB92B8788D100AB1FA1 /* ShapeBasic.swift */,
				E343FDBB2B878F6500AB1FA1 /* ColorBasic.swift */,
				E343FDE02BA732F700AB1FA1 /* GradientBasic.swift */,
				E343FDE22BA734CE00AB1FA1 /* IconBasic.swift */,
				E343FDE42BA7363900AB1FA1 /* ImageBasic.swift */,
				E343FDE62BA7377000AB1FA1 /* FrameBasic.swift */,
				E3C980CA2BA9D915009B9840 /* BackgroundOverlayBasic.swift */,
				E3C980CC2BAC8301009B9840 /* StackBasic.swift */,
				E3C980CE2BADC63B009B9840 /* PaddingBasic.swift */,
				E3C980D02BADC9B0009B9840 /* SpacerBasic.swift */,
				E3C980D22BADCADA009B9840 /* ScrollViewBasic.swift */,
				E3C980D42BADCDBF009B9840 /* InitEnumBasic.swift */,
				E3C980D62BADCF54009B9840 /* ForEachLoopBasic.swift */,
				E3C980D82BB07608009B9840 /* LazyGridBasic.swift */,
				E3C980DA2BB079EB009B9840 /* IgnoreSafeAreaBasic.swift */,
				E3C980DC2BB07AE6009B9840 /* ButtonBasic.swift */,
				E343FDAD2B839E4500AB1FA1 /* Assets.xcassets */,
				E343FDAF2B839E4500AB1FA1 /* Preview Content */,
			);
			path = SwiftUIBasic;
			sourceTree = "<group>";
		};
		E343FDAF2B839E4500AB1FA1 /* Preview Content */ = {
			isa = PBXGroup;
			children = (
				E343FDB02B839E4500AB1FA1 /* Preview Assets.xcassets */,
			);
			path = "Preview Content";
			sourceTree = "<group>";
		};
/* End PBXGroup section */

/* Begin PBXNativeTarget section */
		E343FDA52B839E4400AB1FA1 /* SwiftUIBasic */ = {
			isa = PBXNativeTarget;
			buildConfigurationList = E343FDB42B839E4500AB1FA1 /* Build configuration list for PBXNativeTarget "SwiftUIBasic" */;
			buildPhases = (
				E343FDA22B839E4400AB1FA1 /* Sources */,
				E343FDA32B839E4400AB1FA1 /* Frameworks */,
				E343FDA42B839E4400AB1FA1 /* Resources */,
			);
			buildRules = (
			);
			dependencies = (
			);
			name = SwiftUIBasic;
			productName = SwiftUIBasic;
			productReference = E343FDA62B839E4400AB1FA1 /* SwiftUIBasic.app */;
			productType = "com.apple.product-type.application";
		};
/* End PBXNativeTarget section */

/* Begin PBXProject section */
		E343FD9E2B839E4400AB1FA1 /* Project object */ = {
			isa = PBXProject;
			attributes = {
				BuildIndependentTargetsInParallel = 1;
				LastSwiftUpdateCheck = 1510;
				LastUpgradeCheck = 1510;
				TargetAttributes = {
					E343FDA52B839E4400AB1FA1 = {
						CreatedOnToolsVersion = 15.1;
					};
				};
			};
			buildConfigurationList = E343FDA12B839E4400AB1FA1 /* Build configuration list for PBXProject "SwiftUIBasic" */;
			compatibilityVersion = "Xcode 14.0";
			developmentRegion = en;
			hasScannedForEncodings = 0;
			knownRegions = (
				en,
				Base,
			);
			mainGroup = E343FD9D2B839E4400AB1FA1;
			productRefGroup = E343FDA72B839E4400AB1FA1 /* Products */;
			projectDirPath = "";
			projectRoot = "";
			targets = (
				E343FDA52B839E4400AB1FA1 /* SwiftUIBasic */,
			);
		};
/* End PBXProject section */

/* Begin PBXResourcesBuildPhase section */
		E343FDA42B839E4400AB1FA1 /* Resources */ = {
			isa = PBXResourcesBuildPhase;
			buildActionMask = 2147483647;
			files = (
				E343FDB12B839E4500AB1FA1 /* Preview Assets.xcassets in Resources */,
				E343FDAE2B839E4500AB1FA1 /* Assets.xcassets in Resources */,
			);
			runOnlyForDeploymentPostprocessing = 0;
		};
/* End PBXResourcesBuildPhase section */

/* Begin PBXSourcesBuildPhase section */
		E343FDA22B839E4400AB1FA1 /* Sources */ = {
			isa = PBXSourcesBuildPhase;
			buildActionMask = 2147483647;
			files = (
				E3C980D52BADCDBF009B9840 /* InitEnumBasic.swift in Sources */,
				E343FDE52BA7363900AB1FA1 /* ImageBasic.swift in Sources */,
				E343FDE12BA732F700AB1FA1 /* GradientBasic.swift in Sources */,
				E3C980D92BB07608009B9840 /* LazyGridBasic.swift in Sources */,
				E343FDE32BA734CE00AB1FA1 /* IconBasic.swift in Sources */,
				E343FDB82B839FBB00AB1FA1 /* TextBasic.swift in Sources */,
				E3C980DD2BB07AE6009B9840 /* ButtonBasic.swift in Sources */,
				E3C980D72BADCF54009B9840 /* ForEachLoopBasic.swift in Sources */,
				E3C980CB2BA9D915009B9840 /* BackgroundOverlayBasic.swift in Sources */,
				E343FDAC2B839E4400AB1FA1 /* ContentView.swift in Sources */,
				E343FDBA2B8788D100AB1FA1 /* ShapeBasic.swift in Sources */,
				E3C980DB2BB079EB009B9840 /* IgnoreSafeAreaBasic.swift in Sources */,
				E343FDBC2B878F6500AB1FA1 /* ColorBasic.swift in Sources */,
				E343FDAA2B839E4400AB1FA1 /* SwiftUIBasicApp.swift in Sources */,
				E3C980D12BADC9B0009B9840 /* SpacerBasic.swift in Sources */,
				E3C980D32BADCADA009B9840 /* ScrollViewBasic.swift in Sources */,
				E343FDE72BA7377000AB1FA1 /* FrameBasic.swift in Sources */,
				E3C980CF2BADC63B009B9840 /* PaddingBasic.swift in Sources */,
				E3C980CD2BAC8301009B9840 /* StackBasic.swift in Sources */,
			);
			runOnlyForDeploymentPostprocessing = 0;
		};
/* End PBXSourcesBuildPhase section */

/* Begin XCBuildConfiguration section */
		E343FDB22B839E4500AB1FA1 /* Debug */ = {
			isa = XCBuildConfiguration;
			buildSettings = {
				ALWAYS_SEARCH_USER_PATHS = NO;
				ASSETCATALOG_COMPILER_GENERATE_SWIFT_ASSET_SYMBOL_EXTENSIONS = YES;
				CLANG_ANALYZER_NONNULL = YES;
				CLANG_ANALYZER_NUMBER_OBJECT_CONVERSION = YES_AGGRESSIVE;
				CLANG_CXX_LANGUAGE_STANDARD = "gnu++20";
				CLANG_ENABLE_MODULES = YES;
				CLANG_ENABLE_OBJC_ARC = YES;
				CLANG_ENABLE_OBJC_WEAK = YES;
				CLANG_WARN_BLOCK_CAPTURE_AUTORELEASING = YES;
				CLANG_WARN_BOOL_CONVERSION = YES;
				CLANG_WARN_COMMA = YES;
				CLANG_WARN_CONSTANT_CONVERSION = YES;
				CLANG_WARN_DEPRECATED_OBJC_IMPLEMENTATIONS = YES;
				CLANG_WARN_DIRECT_OBJC_ISA_USAGE = YES_ERROR;
				CLANG_WARN_DOCUMENTATION_COMMENTS = YES;
				CLANG_WARN_EMPTY_BODY = YES;
				CLANG_WARN_ENUM_CONVERSION = YES;
				CLANG_WARN_INFINITE_RECURSION = YES;
				CLANG_WARN_INT_CONVERSION = YES;
				CLANG_WARN_NON_LITERAL_NULL_CONVERSION = YES;
				CLANG_WARN_OBJC_IMPLICIT_RETAIN_SELF = YES;
				CLANG_WARN_OBJC_LITERAL_CONVERSION = YES;
				CLANG_WARN_OBJC_ROOT_CLASS = YES_ERROR;
				CLANG_WARN_QUOTED_INCLUDE_IN_FRAMEWORK_HEADER = YES;
				CLANG_WARN_RANGE_LOOP_ANALYSIS = YES;
				CLANG_WARN_STRICT_PROTOTYPES = YES;
				CLANG_WARN_SUSPICIOUS_MOVE = YES;
				CLANG_WARN_UNGUARDED_AVAILABILITY = YES_AGGRESSIVE;
				CLANG_WARN_UNREACHABLE_CODE = YES;
				CLANG_WARN__DUPLICATE_METHOD_MATCH = YES;
				COPY_PHASE_STRIP = NO;
				DEBUG_INFORMATION_FORMAT = dwarf;
				ENABLE_STRICT_OBJC_MSGSEND = YES;
				ENABLE_TESTABILITY = YES;
				ENABLE_USER_SCRIPT_SANDBOXING = YES;
				GCC_C_LANGUAGE_STANDARD = gnu17;
				GCC_DYNAMIC_NO_PIC = NO;
				GCC_NO_COMMON_BLOCKS = YES;
				GCC_OPTIMIZATION_LEVEL = 0;
				GCC_PREPROCESSOR_DEFINITIONS = (
					"DEBUG=1",
					"$(inherited)",
				);
				GCC_WARN_64_TO_32_BIT_CONVERSION = YES;
				GCC_WARN_ABOUT_RETURN_TYPE = YES_ERROR;
				GCC_WARN_UNDECLARED_SELECTOR = YES;
				GCC_WARN_UNINITIALIZED_AUTOS = YES_AGGRESSIVE;
				GCC_WARN_UNUSED_FUNCTION = YES;
				GCC_WARN_UNUSED_VARIABLE = YES;
				IPHONEOS_DEPLOYMENT_TARGET = 17.2;
				LOCALIZATION_PREFERS_STRING_CATALOGS = YES;
				MTL_ENABLE_DEBUG_INFO = INCLUDE_SOURCE;
				MTL_FAST_MATH = YES;
				ONLY_ACTIVE_ARCH = YES;
				SDKROOT = iphoneos;
				SWIFT_ACTIVE_COMPILATION_CONDITIONS = "DEBUG $(inherited)";
				SWIFT_OPTIMIZATION_LEVEL = "-Onone";
			};
			name = Debug;
		};
		E343FDB32B839E4500AB1FA1 /* Release */ = {
			isa = XCBuildConfiguration;
			buildSettings = {
				ALWAYS_SEARCH_USER_PATHS = NO;
				ASSETCATALOG_COMPILER_GENERATE_SWIFT_ASSET_SYMBOL_EXTENSIONS = YES;
				CLANG_ANALYZER_NONNULL = YES;
				CLANG_ANALYZER_NUMBER_OBJECT_CONVERSION = YES_AGGRESSIVE;
				CLANG_CXX_LANGUAGE_STANDARD = "gnu++20";
				CLANG_ENABLE_MODULES = YES;
				CLANG_ENABLE_OBJC_ARC = YES;
				CLANG_ENABLE_OBJC_WEAK = YES;
				CLANG_WARN_BLOCK_CAPTURE_AUTORELEASING = YES;
				CLANG_WARN_BOOL_CONVERSION = YES;
				CLANG_WARN_COMMA = YES;
				CLANG_WARN_CONSTANT_CONVERSION = YES;
				CLANG_WARN_DEPRECATED_OBJC_IMPLEMENTATIONS = YES;
				CLANG_WARN_DIRECT_OBJC_ISA_USAGE = YES_ERROR;
				CLANG_WARN_DOCUMENTATION_COMMENTS = YES;
				CLANG_WARN_EMPTY_BODY = YES;
				CLANG_WARN_ENUM_CONVERSION = YES;
				CLANG_WARN_INFINITE_RECURSION = YES;
				CLANG_WARN_INT_CONVERSION = YES;
				CLANG_WARN_NON_LITERAL_NULL_CONVERSION = YES;
				CLANG_WARN_OBJC_IMPLICIT_RETAIN_SELF = YES;
				CLANG_WARN_OBJC_LITERAL_CONVERSION = YES;
				CLANG_WARN_OBJC_ROOT_CLASS = YES_ERROR;
				CLANG_WARN_QUOTED_INCLUDE_IN_FRAMEWORK_HEADER = YES;
				CLANG_WARN_RANGE_LOOP_ANALYSIS = YES;
				CLANG_WARN_STRICT_PROTOTYPES = YES;
				CLANG_WARN_SUSPICIOUS_MOVE = YES;
				CLANG_WARN_UNGUARDED_AVAILABILITY = YES_AGGRESSIVE;
				CLANG_WARN_UNREACHABLE_CODE = YES;
				CLANG_WARN__DUPLICATE_METHOD_MATCH = YES;
				COPY_PHASE_STRIP = NO;
				DEBUG_INFORMATION_FORMAT = "dwarf-with-dsym";
				ENABLE_NS_ASSERTIONS = NO;
				ENABLE_STRICT_OBJC_MSGSEND = YES;
				ENABLE_USER_SCRIPT_SANDBOXING = YES;
				GCC_C_LANGUAGE_STANDARD = gnu17;
				GCC_NO_COMMON_BLOCKS = YES;
				GCC_WARN_64_TO_32_BIT_CONVERSION = YES;
				GCC_WARN_ABOUT_RETURN_TYPE = YES_ERROR;
				GCC_WARN_UNDECLARED_SELECTOR = YES;
				GCC_WARN_UNINITIALIZED_AUTOS = YES_AGGRESSIVE;
				GCC_WARN_UNUSED_FUNCTION = YES;
				GCC_WARN_UNUSED_VARIABLE = YES;
				IPHONEOS_DEPLOYMENT_TARGET = 17.2;
				LOCALIZATION_PREFERS_STRING_CATALOGS = YES;
				MTL_ENABLE_DEBUG_INFO = NO;
				MTL_FAST_MATH = YES;
				SDKROOT = iphoneos;
				SWIFT_COMPILATION_MODE = wholemodule;
				VALIDATE_PRODUCT = YES;
			};
			name = Release;
		};
		E343FDB52B839E4500AB1FA1 /* Debug */ = {
			isa = XCBuildConfiguration;
			buildSettings = {
				ASSETCATALOG_COMPILER_APPICON_NAME = AppIcon;
				ASSETCATALOG_COMPILER_GLOBAL_ACCENT_COLOR_NAME = AccentColor;
				CODE_SIGN_STYLE = Automatic;
				CURRENT_PROJECT_VERSION = 1;
				DEVELOPMENT_ASSET_PATHS = "\"SwiftUIBasic/Preview Content\"";
				DEVELOPMENT_TEAM = PW2BUC28Z3;
				ENABLE_PREVIEWS = YES;
				GENERATE_INFOPLIST_FILE = YES;
				INFOPLIST_KEY_UIApplicationSceneManifest_Generation = YES;
				INFOPLIST_KEY_UIApplicationSupportsIndirectInputEvents = YES;
				INFOPLIST_KEY_UILaunchScreen_Generation = YES;
				INFOPLIST_KEY_UISupportedInterfaceOrientations_iPad = "UIInterfaceOrientationPortrait UIInterfaceOrientationPortraitUpsideDown UIInterfaceOrientationLandscapeLeft UIInterfaceOrientationLandscapeRight";
				INFOPLIST_KEY_UISupportedInterfaceOrientations_iPhone = "UIInterfaceOrientationPortrait UIInterfaceOrientationLandscapeLeft UIInterfaceOrientationLandscapeRight";
				LD_RUNPATH_SEARCH_PATHS = (
					"$(inherited)",
					"@executable_path/Frameworks",
				);
				MARKETING_VERSION = 1.0;
				PRODUCT_BUNDLE_IDENTIFIER = com.vongvorovongvong.SwiftUIBasic;
				PRODUCT_NAME = "$(TARGET_NAME)";
				SWIFT_EMIT_LOC_STRINGS = YES;
				SWIFT_VERSION = 5.0;
				TARGETED_DEVICE_FAMILY = "1,2";
			};
			name = Debug;
		};
		E343FDB62B839E4500AB1FA1 /* Release */ = {
			isa = XCBuildConfiguration;
			buildSettings = {
				ASSETCATALOG_COMPILER_APPICON_NAME = AppIcon;
				ASSETCATALOG_COMPILER_GLOBAL_ACCENT_COLOR_NAME = AccentColor;
				CODE_SIGN_STYLE = Automatic;
				CURRENT_PROJECT_VERSION = 1;
				DEVELOPMENT_ASSET_PATHS = "\"SwiftUIBasic/Preview Content\"";
				DEVELOPMENT_TEAM = PW2BUC28Z3;
				ENABLE_PREVIEWS = YES;
				GENERATE_INFOPLIST_FILE = YES;
				INFOPLIST_KEY_UIApplicationSceneManifest_Generation = YES;
				INFOPLIST_KEY_UIApplicationSupportsIndirectInputEvents = YES;
				INFOPLIST_KEY_UILaunchScreen_Generation = YES;
				INFOPLIST_KEY_UISupportedInterfaceOrientations_iPad = "UIInterfaceOrientationPortrait UIInterfaceOrientationPortraitUpsideDown UIInterfaceOrientationLandscapeLeft UIInterfaceOrientationLandscapeRight";
				INFOPLIST_KEY_UISupportedInterfaceOrientations_iPhone = "UIInterfaceOrientationPortrait UIInterfaceOrientationLandscapeLeft UIInterfaceOrientationLandscapeRight";
				LD_RUNPATH_SEARCH_PATHS = (
					"$(inherited)",
					"@executable_path/Frameworks",
				);
				MARKETING_VERSION = 1.0;
				PRODUCT_BUNDLE_IDENTIFIER = com.vongvorovongvong.SwiftUIBasic;
				PRODUCT_NAME = "$(TARGET_NAME)";
				SWIFT_EMIT_LOC_STRINGS = YES;
				SWIFT_VERSION = 5.0;
				TARGETED_DEVICE_FAMILY = "1,2";
			};
			name = Release;
		};
/* End XCBuildConfiguration section */

/* Begin XCConfigurationList section */
		E343FDA12B839E4400AB1FA1 /* Build configuration list for PBXProject "SwiftUIBasic" */ = {
			isa = XCConfigurationList;
			buildConfigurations = (
				E343FDB22B839E4500AB1FA1 /* Debug */,
				E343FDB32B839E4500AB1FA1 /* Release */,
			);
			defaultConfigurationIsVisible = 0;
			defaultConfigurationName = Release;
		};
		E343FDB42B839E4500AB1FA1 /* Build configuration list for PBXNativeTarget "SwiftUIBasic" */ = {
			isa = XCConfigurationList;
			buildConfigurations = (
				E343FDB52B839E4500AB1FA1 /* Debug */,
				E343FDB62B839E4500AB1FA1 /* Release */,
			);
			defaultConfigurationIsVisible = 0;
			defaultConfigurationName = Release;
		};
/* End XCConfigurationList section */
	};
	rootObject = E343FD9E2B839E4400AB1FA1 /* Project object */;
}
